
Microsoft Visual Studio Solution File, Format Version 12.00
# Visual Studio Version 16
VisualStudioVersion = 16.0.30028.174
MinimumVisualStudioVersion = 10.0.40219.1
Project("{FAE04EC0-301F-11D3-BF4B-00C04F79EFBC}") = "Elasticsearch.NetCore", "Elasticsearch.NetCore.csproj", "{80EC88D9-FB90-4F58-964D-31D84FFE9D4D}"
EndProject
Global
	GlobalSection(SolutionConfigurationPlatforms) = preSolution
		Debug|Any CPU = Debug|Any CPU
		Release|Any CPU = Release|Any CPU
	EndGlobalSection
	GlobalSection(ProjectConfigurationPlatforms) = postSolution
		{80EC88D9-FB90-4F58-964D-31D84FFE9D4D}.Debug|Any CPU.ActiveCfg = Debug|Any CPU
		{80EC88D9-FB90-4F58-964D-31D84FFE9D4D}.Debug|Any CPU.Build.0 = Debug|Any CPU
		{80EC88D9-FB90-4F58-964D-31D84FFE9D4D}.Release|Any CPU.ActiveCfg = Release|Any CPU
		{80EC88D9-FB90-4F58-964D-31D84FFE9D4D}.Release|Any CPU.Build.0 = Release|Any CPU
	EndGlobalSection
	GlobalSection(SolutionProperties) = preSolution
		HideSolutionNode = FALSE
	EndGlobalSection
	GlobalSection(ExtensibilityGlobals) = postSolution
		SolutionGuid = {67B316EE-AB0B-414B-B079-F027D77AAF5D}
	EndGlobalSection
EndGlobal
